// !$*UTF8*$!
{
	archiveVersion = 1;
	classes = {
	};
	objectVersion = 46;
	objects = {

/* Begin PBXBuildFile section */
		36AC4A7319776831005111C9 /* CreateDictionary.cpp in Sources */ = {isa = PBXBuildFile; fileRef = 36AC4A7219776831005111C9 /* CreateDictionary.cpp */; };
		36AC4A7719776867005111C9 /* hwrmem.cpp in Sources */ = {isa = PBXBuildFile; fileRef = 36AC4A7619776867005111C9 /* hwrmem.cpp */; };
		36AC4A7919776879005111C9 /* hwrstr.cpp in Sources */ = {isa = PBXBuildFile; fileRef = 36AC4A7819776879005111C9 /* hwrstr.cpp */; };
		36AC4A7B19776892005111C9 /* main.cpp in Sources */ = {isa = PBXBuildFile; fileRef = 36AC4A7A19776892005111C9 /* main.cpp */; };
		36AC4A7E197768AA005111C9 /* WritePadDictUtil.cpp in Sources */ = {isa = PBXBuildFile; fileRef = 36AC4A7C197768AA005111C9 /* WritePadDictUtil.cpp */; };
		36AC4AA2197773D6005111C9 /* newdict.cpp in Sources */ = {isa = PBXBuildFile; fileRef = 36AC4AA1197773D6005111C9 /* newdict.cpp */; };
/* End PBXBuildFile section */

/* Begin PBXCopyFilesBuildPhase section */
		36AC4A64197767CC005111C9 /* CopyFiles */ = {
			isa = PBXCopyFilesBuildPhase;
			buildActionMask = 2147483647;
			dstPath = /usr/share/man/man1/;
			dstSubfolderSpec = 0;
			files = (
			);
			runOnlyForDeploymentPostprocessing = 1;
		};
/* End PBXCopyFilesBuildPhase section */

/* Begin PBXFileReference section */
		36AC4A66197767CC005111C9 /* WritePadDictUtil */ = {isa = PBXFileReference; explicitFileType = "compiled.mach-o.executable"; includeInIndex = 0; path = WritePadDictUtil; sourceTree = BUILT_PRODUCTS_DIR; };
		36AC4A7219776831005111C9 /* CreateDictionary.cpp */ = {isa = PBXFileReference; fileEncoding = 4; lastKnownFileType = sourcecode.cpp.cpp; path = CreateDictionary.cpp; sourceTree = "<group>"; };
		36AC4A7619776867005111C9 /* hwrmem.cpp */ = {isa = PBXFileReference; fileEncoding = 4; lastKnownFileType = sourcecode.cpp.cpp; name = hwrmem.cpp; path = ../../reco/src/hwrmem.cpp; sourceTree = "<group>"; };
		36AC4A7819776879005111C9 /* hwrstr.cpp */ = {isa = PBXFileReference; fileEncoding = 4; lastKnownFileType = sourcecode.cpp.cpp; name = hwrstr.cpp; path = ../../reco/src/hwrstr.cpp; sourceTree = "<group>"; };
		36AC4A7A19776892005111C9 /* main.cpp */ = {isa = PBXFileReference; fileEncoding = 4; lastKnownFileType = sourcecode.cpp.cpp; path = main.cpp; sourceTree = "<group>"; };
		36AC4A7C197768AA005111C9 /* WritePadDictUtil.cpp */ = {isa = PBXFileReference; fileEncoding = 4; lastKnownFileType = sourcecode.cpp.cpp; path = WritePadDictUtil.cpp; sourceTree = "<group>"; };
		36AC4A7D197768AA005111C9 /* WritePadDictUtil.h */ = {isa = PBXFileReference; fileEncoding = 4; lastKnownFileType = sourcecode.c.h; path = WritePadDictUtil.h; sourceTree = "<group>"; };
		36AC4A7F197768DE005111C9 /* bastypes.h */ = {isa = PBXFileReference; fileEncoding = 4; lastKnownFileType = sourcecode.c.h; name = bastypes.h; path = ../../reco/include/bastypes.h; sourceTree = "<group>"; };
		36AC4A80197768F0005111C9 /* pydict.h */ = {isa = PBXFileReference; fileEncoding = 4; lastKnownFileType = sourcecode.c.h; name = pydict.h; path = ../../reco/include/pydict.h; sourceTree = "<group>"; };
		36AC4A81197768F0005111C9 /* pzdict.h */ = {isa = PBXFileReference; fileEncoding = 4; lastKnownFileType = sourcecode.c.h; name = pzdict.h; path = ../../reco/include/pzdict.h; sourceTree = "<group>"; };
		36AC4A82197769FA005111C9 /* hwr_sys.h */ = {isa = PBXFileReference; fileEncoding = 4; lastKnownFileType = sourcecode.c.h; name = hwr_sys.h; path = ../../reco/include/hwr_sys.h; sourceTree = "<group>"; };
		36AC4A8319776A05005111C9 /* zctype.h */ = {isa = PBXFileReference; fileEncoding = 4; lastKnownFileType = sourcecode.c.h; name = zctype.h; path = ../../reco/include/zctype.h; sourceTree = "<group>"; };
		36AC4A8419776A0E005111C9 /* xrword.h */ = {isa = PBXFileReference; fileEncoding = 4; lastKnownFileType = sourcecode.c.h; name = xrword.h; path = ../../reco/include/xrword.h; sourceTree = "<group>"; };
		36AC4A8519776A2B005111C9 /* recodefs.h */ = {isa = PBXFileReference; fileEncoding = 4; lastKnownFileType = sourcecode.c.h; name = recodefs.h; path = ../../include/recodefs.h; sourceTree = "<group>"; };
		36AC4A8619776A73005111C9 /* InternalTypes.h */ = {isa = PBXFileReference; fileEncoding = 4; lastKnownFileType = sourcecode.c.h; name = InternalTypes.h; path = ../../RecognizerWrapper/InternalTypes.h; sourceTree = "<group>"; };
		36AC4A8719776A8D005111C9 /* recotypes.h */ = {isa = PBXFileReference; fileEncoding = 4; lastKnownFileType = sourcecode.c.h; name = recotypes.h; path = ../../include/recotypes.h; sourceTree = "<group>"; };
		36AC4A8919776B15005111C9 /* ams_mg.h */ = {isa = PBXFileReference; fileEncoding = 4; lastKnownFileType = sourcecode.c.h; name = ams_mg.h; path = ../../reco/include/ams_mg.h; sourceTree = "<group>"; };
		36AC4A8A19776B34005111C9 /* xrwdict.h */ = {isa = PBXFileReference; fileEncoding = 4; lastKnownFileType = sourcecode.c.h; name = xrwdict.h; path = ../../reco/include/xrwdict.h; sourceTree = "<group>"; };
		36AC4AA1197773D6005111C9 /* newdict.cpp */ = {isa = PBXFileReference; fileEncoding = 4; lastKnownFileType = sourcecode.cpp.cpp; name = newdict.cpp; path = ../../reco/src/newdict.cpp; sourceTree = "<group>"; };
		36AC4AA5197775F4005111C9 /* reco.h */ = {isa = PBXFileReference; fileEncoding = 4; lastKnownFileType = sourcecode.c.h; name = reco.h; path = ../../reco/include/reco.h; sourceTree = "<group>"; };
/* End PBXFileReference section */

/* Begin PBXFrameworksBuildPhase section */
		36AC4A63197767CC005111C9 /* Frameworks */ = {
			isa = PBXFrameworksBuildPhase;
			buildActionMask = 2147483647;
			files = (
			);
			runOnlyForDeploymentPostprocessing = 0;
		};
/* End PBXFrameworksBuildPhase section */

/* Begin PBXGroup section */
		36AC4A5D197767CC005111C9 = {
			isa = PBXGroup;
			children = (
				36AC4A68197767CC005111C9 /* WritePadDictUtil */,
				36AC4A67197767CC005111C9 /* Products */,
			);
			sourceTree = "<group>";
		};
		36AC4A67197767CC005111C9 /* Products */ = {
			isa = PBXGroup;
			children = (
				36AC4A66197767CC005111C9 /* WritePadDictUtil */,
			);
			name = Products;
			sourceTree = "<group>";
		};
		36AC4A68197767CC005111C9 /* WritePadDictUtil */ = {
			isa = PBXGroup;
			children = (
				36AC4AA0197773B9005111C9 /* RecoSrc */,
				36AC4A8819776AE9005111C9 /* RecoInclude */,
				36AC4A7C197768AA005111C9 /* WritePadDictUtil.cpp */,
				36AC4A7D197768AA005111C9 /* WritePadDictUtil.h */,
				36AC4A7A19776892005111C9 /* main.cpp */,
				36AC4A7219776831005111C9 /* CreateDictionary.cpp */,
			);
			path = WritePadDictUtil;
			sourceTree = "<group>";
		};
		36AC4A8819776AE9005111C9 /* RecoInclude */ = {
			isa = PBXGroup;
			children = (
				36AC4AA5197775F4005111C9 /* reco.h */,
				36AC4A8A19776B34005111C9 /* xrwdict.h */,
				36AC4A8919776B15005111C9 /* ams_mg.h */,
				36AC4A8719776A8D005111C9 /* recotypes.h */,
				36AC4A8619776A73005111C9 /* InternalTypes.h */,
				36AC4A8519776A2B005111C9 /* recodefs.h */,
				36AC4A8419776A0E005111C9 /* xrword.h */,
				36AC4A8319776A05005111C9 /* zctype.h */,
				36AC4A82197769FA005111C9 /* hwr_sys.h */,
				36AC4A80197768F0005111C9 /* pydict.h */,
				36AC4A81197768F0005111C9 /* pzdict.h */,
				36AC4A7F197768DE005111C9 /* bastypes.h */,
			);
			name = RecoInclude;
			sourceTree = "<group>";
		};
		36AC4AA0197773B9005111C9 /* RecoSrc */ = {
			isa = PBXGroup;
			children = (
				36AC4AA1197773D6005111C9 /* newdict.cpp */,
				36AC4A7819776879005111C9 /* hwrstr.cpp */,
				36AC4A7619776867005111C9 /* hwrmem.cpp */,
			);
			name = RecoSrc;
			sourceTree = "<group>";
		};
/* End PBXGroup section */

/* Begin PBXNativeTarget section */
		36AC4A65197767CC005111C9 /* WritePadDictUtil */ = {
			isa = PBXNativeTarget;
			buildConfigurationList = 36AC4A6F197767CC005111C9 /* Build configuration list for PBXNativeTarget "WritePadDictUtil" */;
			buildPhases = (
				36AC4A62197767CC005111C9 /* Sources */,
				36AC4A63197767CC005111C9 /* Frameworks */,
				36AC4A64197767CC005111C9 /* CopyFiles */,
			);
			buildRules = (
			);
			dependencies = (
			);
			name = WritePadDictUtil;
			productName = WritePadDictUtil;
			productReference = 36AC4A66197767CC005111C9 /* WritePadDictUtil */;
			productType = "com.apple.product-type.tool";
		};
/* End PBXNativeTarget section */

/* Begin PBXProject section */
		36AC4A5E197767CC005111C9 /* Project object */ = {
			isa = PBXProject;
			attributes = {
				LastUpgradeCheck = 0800;
				ORGANIZATIONNAME = "PhatWare Corp.";
			};
			buildConfigurationList = 36AC4A61197767CC005111C9 /* Build configuration list for PBXProject "WritePadDictUtil" */;
			compatibilityVersion = "Xcode 3.2";
			developmentRegion = English;
			hasScannedForEncodings = 0;
			knownRegions = (
				en,
			);
			mainGroup = 36AC4A5D197767CC005111C9;
			productRefGroup = 36AC4A67197767CC005111C9 /* Products */;
			projectDirPath = "";
			projectRoot = "";
			targets = (
				36AC4A65197767CC005111C9 /* WritePadDictUtil */,
			);
		};
/* End PBXProject section */

/* Begin PBXSourcesBuildPhase section */
		36AC4A62197767CC005111C9 /* Sources */ = {
			isa = PBXSourcesBuildPhase;
			buildActionMask = 2147483647;
			files = (
				36AC4A7319776831005111C9 /* CreateDictionary.cpp in Sources */,
				36AC4A7E197768AA005111C9 /* WritePadDictUtil.cpp in Sources */,
				36AC4AA2197773D6005111C9 /* newdict.cpp in Sources */,
				36AC4A7919776879005111C9 /* hwrstr.cpp in Sources */,
				36AC4A7B19776892005111C9 /* main.cpp in Sources */,
				36AC4A7719776867005111C9 /* hwrmem.cpp in Sources */,
			);
			runOnlyForDeploymentPostprocessing = 0;
		};
/* End PBXSourcesBuildPhase section */

/* Begin XCBuildConfiguration section */
		36AC4A6D197767CC005111C9 /* Debug */ = {
			isa = XCBuildConfiguration;
			buildSettings = {
				ALWAYS_SEARCH_USER_PATHS = NO;
				ARCHS = "$(ARCHS_STANDARD_32_BIT)";
				CLANG_CXX_LANGUAGE_STANDARD = "gnu++0x";
				CLANG_CXX_LIBRARY = "libc++";
				CLANG_ENABLE_MODULES = YES;
				CLANG_ENABLE_OBJC_ARC = YES;
				CLANG_WARN_BOOL_CONVERSION = YES;
				CLANG_WARN_CONSTANT_CONVERSION = YES;
				CLANG_WARN_DIRECT_OBJC_ISA_USAGE = YES_ERROR;
				CLANG_WARN_EMPTY_BODY = YES;
				CLANG_WARN_ENUM_CONVERSION = YES;
				CLANG_WARN_INFINITE_RECURSION = YES;
				CLANG_WARN_INT_CONVERSION = YES;
				CLANG_WARN_OBJC_ROOT_CLASS = YES_ERROR;
				CLANG_WARN_SUSPICIOUS_MOVE = YES;
				CLANG_WARN_UNREACHABLE_CODE = YES;
				CLANG_WARN__DUPLICATE_METHOD_MATCH = YES;
				COPY_PHASE_STRIP = NO;
				ENABLE_STRICT_OBJC_MSGSEND = YES;
				ENABLE_TESTABILITY = YES;
				GCC_C_LANGUAGE_STANDARD = gnu99;
				GCC_DYNAMIC_NO_PIC = NO;
				GCC_ENABLE_OBJC_EXCEPTIONS = YES;
				GCC_NO_COMMON_BLOCKS = YES;
				GCC_OPTIMIZATION_LEVEL = 0;
				GCC_PREPROCESSOR_DEFINITIONS = (
					__DONT_USE_WINDOWS_H_AND_FSTREAMS_H,
					PYDICT_SUPPORT_PROGRAM,
				);
				GCC_SYMBOLS_PRIVATE_EXTERN = NO;
				GCC_WARN_64_TO_32_BIT_CONVERSION = YES;
				GCC_WARN_ABOUT_RETURN_TYPE = YES_ERROR;
				GCC_WARN_UNDECLARED_SELECTOR = YES;
				GCC_WARN_UNINITIALIZED_AUTOS = YES_AGGRESSIVE;
				GCC_WARN_UNUSED_FUNCTION = YES;
				GCC_WARN_UNUSED_VARIABLE = YES;
				MACOSX_DEPLOYMENT_TARGET = 10.9;
				ONLY_ACTIVE_ARCH = YES;
				SDKROOT = macosx;
				WARNING_CFLAGS = "-Wno-deprecated-register";
			};
			name = Debug;
		};
		36AC4A6E197767CC005111C9 /* Release */ = {
			isa = XCBuildConfiguration;
			buildSettings = {
				ALWAYS_SEARCH_USER_PATHS = NO;
				ARCHS = "$(ARCHS_STANDARD_32_BIT)";
				CLANG_CXX_LANGUAGE_STANDARD = "gnu++0x";
				CLANG_CXX_LIBRARY = "libc++";
				CLANG_ENABLE_MODULES = YES;
				CLANG_ENABLE_OBJC_ARC = YES;
				CLANG_WARN_BOOL_CONVERSION = YES;
				CLANG_WARN_CONSTANT_CONVERSION = YES;
				CLANG_WARN_DIRECT_OBJC_ISA_USAGE = YES_ERROR;
				CLANG_WARN_EMPTY_BODY = YES;
				CLANG_WARN_ENUM_CONVERSION = YES;
				CLANG_WARN_INFINITE_RECURSION = YES;
				CLANG_WARN_INT_CONVERSION = YES;
				CLANG_WARN_OBJC_ROOT_CLASS = YES_ERROR;
				CLANG_WARN_SUSPICIOUS_MOVE = YES;
				CLANG_WARN_UNREACHABLE_CODE = YES;
				CLANG_WARN__DUPLICATE_METHOD_MATCH = YES;
				COPY_PHASE_STRIP = YES;
				DEBUG_INFORMATION_FORMAT = "dwarf-with-dsym";
				ENABLE_NS_ASSERTIONS = NO;
				ENABLE_STRICT_OBJC_MSGSEND = YES;
				GCC_C_LANGUAGE_STANDARD = gnu99;
				GCC_ENABLE_OBJC_EXCEPTIONS = YES;
				GCC_NO_COMMON_BLOCKS = YES;
				GCC_PREPROCESSOR_DEFINITIONS = (
					__DONT_USE_WINDOWS_H_AND_FSTREAMS_H,
					PYDICT_SUPPORT_PROGRAM,
				);
				GCC_WARN_64_TO_32_BIT_CONVERSION = YES;
				GCC_WARN_ABOUT_RETURN_TYPE = YES_ERROR;
				GCC_WARN_UNDECLARED_SELECTOR = YES;
				GCC_WARN_UNINITIALIZED_AUTOS = YES_AGGRESSIVE;
				GCC_WARN_UNUSED_FUNCTION = YES;
				GCC_WARN_UNUSED_VARIABLE = YES;
				MACOSX_DEPLOYMENT_TARGET = 10.9;
				SDKROOT = macosx;
				WARNING_CFLAGS = "-Wno-deprecated-register";
			};
			name = Release;
		};
		36AC4A70197767CC005111C9 /* Debug */ = {
			isa = XCBuildConfiguration;
			buildSettings = {
				PRODUCT_NAME = "$(TARGET_NAME)";
			};
			name = Debug;
		};
		36AC4A71197767CC005111C9 /* Release */ = {
			isa = XCBuildConfiguration;
			buildSettings = {
				PRODUCT_NAME = "$(TARGET_NAME)";
			};
			name = Release;
		};
/* End XCBuildConfiguration section */

/* Begin XCConfigurationList section */
		36AC4A61197767CC005111C9 /* Build configuration list for PBXProject "WritePadDictUtil" */ = {
			isa = XCConfigurationList;
			buildConfigurations = (
				36AC4A6D197767CC005111C9 /* Debug */,
				36AC4A6E197767CC005111C9 /* Release */,
			);
			defaultConfigurationIsVisible = 0;
			defaultConfigurationName = Release;
		};
		36AC4A6F197767CC005111C9 /* Build configuration list for PBXNativeTarget "WritePadDictUtil" */ = {
			isa = XCConfigurationList;
			buildConfigurations = (
				36AC4A70197767CC005111C9 /* Debug */,
				36AC4A71197767CC005111C9 /* Release */,
			);
			defaultConfigurationIsVisible = 0;
			defaultConfigurationName = Release;
		};
/* End XCConfigurationList section */
	};
	rootObject = 36AC4A5E197767CC005111C9 /* Project object */;
}
